Microsoft Visual Studio Solution File, Format Version 12.00
# Visual Studio Version 17
VisualStudioVersion = 17.12.35309.182
MinimumVisualStudioVersion = 10.0.40219.1
Project("{FAE04EC0-301F-11D3-BF4B-00C04F79EFBC}") = "GitlabModels", "GitlabModels\GitlabModels.csproj", "{5C094187-03B8-47B8-9B6C-80786A136EAE}"
EndProject
Project("{FAE04EC0-301F-11D3-BF4B-00C04F79EFBC}") = "GitlabListner", "GitlabListner\GitlabListner.csproj", "{8BA51356-2490-4AA9-82CE-80041855345E}"
EndProject
Global
	GlobalSection(SolutionConfigurationPlatforms) = preSolution
		Debug|Any CPU = Debug|Any CPU
		Release|Any CPU = Release|Any CPU
	EndGlobalSection
	GlobalSection(ProjectConfigurationPlatforms) = postSolution
		{5C094187-03B8-47B8-9B6C-80786A136EAE}.Debug|Any CPU.ActiveCfg = Debug|Any CPU
		{5C094187-03B8-47B8-9B6C-80786A136EAE}.Debug|Any CPU.Build.0 = Debug|Any CPU
		{5C094187-03B8-47B8-9B6C-80786A136EAE}.Release|Any CPU.ActiveCfg = Release|Any CPU
		{5C094187-03B8-47B8-9B6C-80786A136EAE}.Release|Any CPU.Build.0 = Release|Any CPU
		{8BA51356-2490-4AA9-82CE-80041855345E}.Debug|Any CPU.ActiveCfg = Debug|Any CPU
		{8BA51356-2490-4AA9-82CE-80041855345E}.Debug|Any CPU.Build.0 = Debug|Any CPU
		{8BA51356-2490-4AA9-82CE-80041855345E}.Release|Any CPU.ActiveCfg = Release|Any CPU
		{8BA51356-2490-4AA9-82CE-80041855345E}.Release|Any CPU.Build.0 = Release|Any CPU
	EndGlobalSection
	GlobalSection(SolutionProperties) = preSolution
		HideSolutionNode = FALSE
	EndGlobalSection
	GlobalSection(ExtensibilityGlobals) = postSolution
		SolutionGuid = {9C7CF24B-2D0E-4011-B24E-BF412B37BBD4}
	EndGlobalSection
EndGlobal
